// !$*UTF8*$!
{
	archiveVersion = 1;
	classes = {
	};
	objectVersion = 46;
	objects = {

/* Begin PBXBuildFile section */
		90B38C131BDC0FE70006D956 /* AppDelegate.swift in Sources */ = {isa = PBXBuildFile; fileRef = 90B38C121BDC0FE70006D956 /* AppDelegate.swift */; };
		90B38C151BDC0FE70006D956 /* ViewController.swift in Sources */ = {isa = PBXBuildFile; fileRef = 90B38C141BDC0FE70006D956 /* ViewController.swift */; };
		90B38C181BDC0FE70006D956 /* Main.storyboard in Resources */ = {isa = PBXBuildFile; fileRef = 90B38C161BDC0FE70006D956 /* Main.storyboard */; };
		90B38C1B1BDC0FE70006D956 /* leetCode_Review.xcdatamodeld in Sources */ = {isa = PBXBuildFile; fileRef = 90B38C191BDC0FE70006D956 /* leetCode_Review.xcdatamodeld */; };
		90B38C1D1BDC0FE70006D956 /* Assets.xcassets in Resources */ = {isa = PBXBuildFile; fileRef = 90B38C1C1BDC0FE70006D956 /* Assets.xcassets */; };
		90B38C201BDC0FE70006D956 /* LaunchScreen.storyboard in Resources */ = {isa = PBXBuildFile; fileRef = 90B38C1E1BDC0FE70006D956 /* LaunchScreen.storyboard */; };
		90B38C2B1BDC0FE80006D956 /* leetCode_ReviewTests.swift in Sources */ = {isa = PBXBuildFile; fileRef = 90B38C2A1BDC0FE80006D956 /* leetCode_ReviewTests.swift */; };
		90B38C361BDC0FE80006D956 /* leetCode_ReviewUITests.swift in Sources */ = {isa = PBXBuildFile; fileRef = 90B38C351BDC0FE80006D956 /* leetCode_ReviewUITests.swift */; };
		90B38C441BDC11C50006D956 /* CompanyTableViewController.swift in Sources */ = {isa = PBXBuildFile; fileRef = 90B38C431BDC11C50006D956 /* CompanyTableViewController.swift */; settings = {ASSET_TAGS = (); }; };
		90B38C4A1BDC19800006D956 /* Problems.swift in Sources */ = {isa = PBXBuildFile; fileRef = 90B38C491BDC19800006D956 /* Problems.swift */; settings = {ASSET_TAGS = (); }; };
		90B38C4C1BDD51D00006D956 /* addQuestionsViewController.swift in Sources */ = {isa = PBXBuildFile; fileRef = 90B38C4B1BDD51D00006D956 /* addQuestionsViewController.swift */; settings = {ASSET_TAGS = (); }; };
/* End PBXBuildFile section */

/* Begin PBXContainerItemProxy section */
		90B38C271BDC0FE80006D956 /* PBXContainerItemProxy */ = {
			isa = PBXContainerItemProxy;
			containerPortal = 90B38C071BDC0FE70006D956 /* Project object */;
			proxyType = 1;
			remoteGlobalIDString = 90B38C0E1BDC0FE70006D956;
			remoteInfo = "leetCode-Review";
		};
		90B38C321BDC0FE80006D956 /* PBXContainerItemProxy */ = {
			isa = PBXContainerItemProxy;
			containerPortal = 90B38C071BDC0FE70006D956 /* Project object */;
			proxyType = 1;
			remoteGlobalIDString = 90B38C0E1BDC0FE70006D956;
			remoteInfo = "leetCode-Review";
		};
/* End PBXContainerItemProxy section */

/* Begin PBXFileReference section */
		90B38C0F1BDC0FE70006D956 /* leetCode-Review.app */ = {isa = PBXFileReference; explicitFileType = wrapper.application; includeInIndex = 0; path = "leetCode-Review.app"; sourceTree = BUILT_PRODUCTS_DIR; };
		90B38C121BDC0FE70006D956 /* AppDelegate.swift */ = {isa = PBXFileReference; lastKnownFileType = sourcecode.swift; path = AppDelegate.swift; sourceTree = "<group>"; };
		90B38C141BDC0FE70006D956 /* ViewController.swift */ = {isa = PBXFileReference; lastKnownFileType = sourcecode.swift; path = ViewController.swift; sourceTree = "<group>"; };
		90B38C171BDC0FE70006D956 /* Base */ = {isa = PBXFileReference; lastKnownFileType = file.storyboard; name = Base; path = Base.lproj/Main.storyboard; sourceTree = "<group>"; };
		90B38C1A1BDC0FE70006D956 /* leetCode_Review.xcdatamodel */ = {isa = PBXFileReference; lastKnownFileType = wrapper.xcdatamodel; path = leetCode_Review.xcdatamodel; sourceTree = "<group>"; };
		90B38C1C1BDC0FE70006D956 /* Assets.xcassets */ = {isa = PBXFileReference; lastKnownFileType = folder.assetcatalog; path = Assets.xcassets; sourceTree = "<group>"; };
		90B38C1F1BDC0FE70006D956 /* Base */ = {isa = PBXFileReference; lastKnownFileType = file.storyboard; name = Base; path = Base.lproj/LaunchScreen.storyboard; sourceTree = "<group>"; };
		90B38C211BDC0FE70006D956 /* Info.plist */ = {isa = PBXFileReference; lastKnownFileType = text.plist.xml; path = Info.plist; sourceTree = "<group>"; };
		90B38C261BDC0FE80006D956 /* leetCode-ReviewTests.xctest */ = {isa = PBXFileReference; explicitFileType = wrapper.cfbundle; includeInIndex = 0; path = "leetCode-ReviewTests.xctest"; sourceTree = BUILT_PRODUCTS_DIR; };
		90B38C2A1BDC0FE80006D956 /* leetCode_ReviewTests.swift */ = {isa = PBXFileReference; lastKnownFileType = sourcecode.swift; path = leetCode_ReviewTests.swift; sourceTree = "<group>"; };
		90B38C2C1BDC0FE80006D956 /* Info.plist */ = {isa = PBXFileReference; lastKnownFileType = text.plist.xml; path = Info.plist; sourceTree = "<group>"; };
		90B38C311BDC0FE80006D956 /* leetCode-ReviewUITests.xctest */ = {isa = PBXFileReference; explicitFileType = wrapper.cfbundle; includeInIndex = 0; path = "leetCode-ReviewUITests.xctest"; sourceTree = BUILT_PRODUCTS_DIR; };
		90B38C351BDC0FE80006D956 /* leetCode_ReviewUITests.swift */ = {isa = PBXFileReference; lastKnownFileType = sourcecode.swift; path = leetCode_ReviewUITests.swift; sourceTree = "<group>"; };
		90B38C371BDC0FE80006D956 /* Info.plist */ = {isa = PBXFileReference; lastKnownFileType = text.plist.xml; path = Info.plist; sourceTree = "<group>"; };
		90B38C431BDC11C50006D956 /* CompanyTableViewController.swift */ = {isa = PBXFileReference; fileEncoding = 4; lastKnownFileType = sourcecode.swift; path = CompanyTableViewController.swift; sourceTree = "<group>"; };
		90B38C491BDC19800006D956 /* Problems.swift */ = {isa = PBXFileReference; fileEncoding = 4; lastKnownFileType = sourcecode.swift; name = Problems.swift; path = ../Problems.swift; sourceTree = "<group>"; };
		90B38C4B1BDD51D00006D956 /* addQuestionsViewController.swift */ = {isa = PBXFileReference; fileEncoding = 4; lastKnownFileType = sourcecode.swift; path = addQuestionsViewController.swift; sourceTree = "<group>"; };
/* End PBXFileReference section */

/* Begin PBXFrameworksBuildPhase section */
		90B38C0C1BDC0FE70006D956 /* Frameworks */ = {
			isa = PBXFrameworksBuildPhase;
			buildActionMask = 2147483647;
			files = (
			);
			runOnlyForDeploymentPostprocessing = 0;
		};
		90B38C231BDC0FE80006D956 /* Frameworks */ = {
			isa = PBXFrameworksBuildPhase;
			buildActionMask = 2147483647;
			files = (
			);
			runOnlyForDeploymentPostprocessing = 0;
		};
		90B38C2E1BDC0FE80006D956 /* Frameworks */ = {
			isa = PBXFrameworksBuildPhase;
			buildActionMask = 2147483647;
			files = (
			);
			runOnlyForDeploymentPostprocessing = 0;
		};
/* End PBXFrameworksBuildPhase section */

/* Begin PBXGroup section */
		90B38C061BDC0FE70006D956 = {
			isa = PBXGroup;
			children = (
				90B38C111BDC0FE70006D956 /* leetCode-Review */,
				90B38C291BDC0FE80006D956 /* leetCode-ReviewTests */,
				90B38C341BDC0FE80006D956 /* leetCode-ReviewUITests */,
				90B38C101BDC0FE70006D956 /* Products */,
			);
			sourceTree = "<group>";
		};
		90B38C101BDC0FE70006D956 /* Products */ = {
			isa = PBXGroup;
			children = (
				90B38C0F1BDC0FE70006D956 /* leetCode-Review.app */,
				90B38C261BDC0FE80006D956 /* leetCode-ReviewTests.xctest */,
				90B38C311BDC0FE80006D956 /* leetCode-ReviewUITests.xctest */,
			);
			name = Products;
			sourceTree = "<group>";
		};
		90B38C111BDC0FE70006D956 /* leetCode-Review */ = {
			isa = PBXGroup;
			children = (
				90B38C121BDC0FE70006D956 /* AppDelegate.swift */,
				90B38C141BDC0FE70006D956 /* ViewController.swift */,
				90B38C491BDC19800006D956 /* Problems.swift */,
				90B38C161BDC0FE70006D956 /* Main.storyboard */,
				90B38C4B1BDD51D00006D956 /* addQuestionsViewController.swift */,
				90B38C431BDC11C50006D956 /* CompanyTableViewController.swift */,
				90B38C1C1BDC0FE70006D956 /* Assets.xcassets */,
				90B38C1E1BDC0FE70006D956 /* LaunchScreen.storyboard */,
				90B38C211BDC0FE70006D956 /* Info.plist */,
				90B38C191BDC0FE70006D956 /* leetCode_Review.xcdatamodeld */,
			);
			path = "leetCode-Review";
			sourceTree = "<group>";
		};
		90B38C291BDC0FE80006D956 /* leetCode-ReviewTests */ = {
			isa = PBXGroup;
			children = (
				90B38C2A1BDC0FE80006D956 /* leetCode_ReviewTests.swift */,
				90B38C2C1BDC0FE80006D956 /* Info.plist */,
			);
			path = "leetCode-ReviewTests";
			sourceTree = "<group>";
		};
		90B38C341BDC0FE80006D956 /* leetCode-ReviewUITests */ = {
			isa = PBXGroup;
			children = (
				90B38C351BDC0FE80006D956 /* leetCode_ReviewUITests.swift */,
				90B38C371BDC0FE80006D956 /* Info.plist */,
			);
			path = "leetCode-ReviewUITests";
			sourceTree = "<group>";
		};
/* End PBXGroup section */

/* Begin PBXNativeTarget section */
		90B38C0E1BDC0FE70006D956 /* leetCode-Review */ = {
			isa = PBXNativeTarget;
			buildConfigurationList = 90B38C3A1BDC0FE80006D956 /* Build configuration list for PBXNativeTarget "leetCode-Review" */;
			buildPhases = (
				90B38C0B1BDC0FE70006D956 /* Sources */,
				90B38C0C1BDC0FE70006D956 /* Frameworks */,
				90B38C0D1BDC0FE70006D956 /* Resources */,
			);
			buildRules = (
			);
			dependencies = (
			);
			name = "leetCode-Review";
			productName = "leetCode-Review";
			productReference = 90B38C0F1BDC0FE70006D956 /* leetCode-Review.app */;
			productType = "com.apple.product-type.application";
		};
		90B38C251BDC0FE80006D956 /* leetCode-ReviewTests */ = {
			isa = PBXNativeTarget;
			buildConfigurationList = 90B38C3D1BDC0FE80006D956 /* Build configuration list for PBXNativeTarget "leetCode-ReviewTests" */;
			buildPhases = (
				90B38C221BDC0FE80006D956 /* Sources */,
				90B38C231BDC0FE80006D956 /* Frameworks */,
				90B38C241BDC0FE80006D956 /* Resources */,
			);
			buildRules = (
			);
			dependencies = (
				90B38C281BDC0FE80006D956 /* PBXTargetDependency */,
			);
			name = "leetCode-ReviewTests";
			productName = "leetCode-ReviewTests";
			productReference = 90B38C261BDC0FE80006D956 /* leetCode-ReviewTests.xctest */;
			productType = "com.apple.product-type.bundle.unit-test";
		};
		90B38C301BDC0FE80006D956 /* leetCode-ReviewUITests */ = {
			isa = PBXNativeTarget;
			buildConfigurationList = 90B38C401BDC0FE80006D956 /* Build configuration list for PBXNativeTarget "leetCode-ReviewUITests" */;
			buildPhases = (
				90B38C2D1BDC0FE80006D956 /* Sources */,
				90B38C2E1BDC0FE80006D956 /* Frameworks */,
				90B38C2F1BDC0FE80006D956 /* Resources */,
			);
			buildRules = (
			);
			dependencies = (
				90B38C331BDC0FE80006D956 /* PBXTargetDependency */,
			);
			name = "leetCode-ReviewUITests";
			productName = "leetCode-ReviewUITests";
			productReference = 90B38C311BDC0FE80006D956 /* leetCode-ReviewUITests.xctest */;
			productType = "com.apple.product-type.bundle.ui-testing";
		};
/* End PBXNativeTarget section */

/* Begin PBXProject section */
		90B38C071BDC0FE70006D956 /* Project object */ = {
			isa = PBXProject;
			attributes = {
				LastUpgradeCheck = 0700;
				ORGANIZATIONNAME = "Xinyi Wang";
				TargetAttributes = {
					90B38C0E1BDC0FE70006D956 = {
						CreatedOnToolsVersion = 7.0.1;
						DevelopmentTeam = 68JDKLBS5A;
					};
					90B38C251BDC0FE80006D956 = {
						CreatedOnToolsVersion = 7.0.1;
						TestTargetID = 90B38C0E1BDC0FE70006D956;
					};
					90B38C301BDC0FE80006D956 = {
						CreatedOnToolsVersion = 7.0.1;
						TestTargetID = 90B38C0E1BDC0FE70006D956;
					};
				};
			};
			buildConfigurationList = 90B38C0A1BDC0FE70006D956 /* Build configuration list for PBXProject "leetCode-Review" */;
			compatibilityVersion = "Xcode 3.2";
			developmentRegion = English;
			hasScannedForEncodings = 0;
			knownRegions = (
				en,
				Base,
			);
			mainGroup = 90B38C061BDC0FE70006D956;
			productRefGroup = 90B38C101BDC0FE70006D956 /* Products */;
			projectDirPath = "";
			projectRoot = "";
			targets = (
				90B38C0E1BDC0FE70006D956 /* leetCode-Review */,
				90B38C251BDC0FE80006D956 /* leetCode-ReviewTests */,
				90B38C301BDC0FE80006D956 /* leetCode-ReviewUITests */,
			);
		};
/* End PBXProject section */

/* Begin PBXResourcesBuildPhase section */
		90B38C0D1BDC0FE70006D956 /* Resources */ = {
			isa = PBXResourcesBuildPhase;
			buildActionMask = 2147483647;
			files = (
				90B38C201BDC0FE70006D956 /* LaunchScreen.storyboard in Resources */,
				90B38C1D1BDC0FE70006D956 /* Assets.xcassets in Resources */,
				90B38C181BDC0FE70006D956 /* Main.storyboard in Resources */,
			);
			runOnlyForDeploymentPostprocessing = 0;
		};
		90B38C241BDC0FE80006D956 /* Resources */ = {
			isa = PBXResourcesBuildPhase;
			buildActionMask = 2147483647;
			files = (
			);
			runOnlyForDeploymentPostprocessing = 0;
		};
		90B38C2F1BDC0FE80006D956 /* Resources */ = {
			isa = PBXResourcesBuildPhase;
			buildActionMask = 2147483647;
			files = (
			);
			runOnlyForDeploymentPostprocessing = 0;
		};
/* End PBXResourcesBuildPhase section */

/* Begin PBXSourcesBuildPhase section */
		90B38C0B1BDC0FE70006D956 /* Sources */ = {
			isa = PBXSourcesBuildPhase;
			buildActionMask = 2147483647;
			files = (
				90B38C1B1BDC0FE70006D956 /* leetCode_Review.xcdatamodeld in Sources */,
				90B38C4A1BDC19800006D956 /* Problems.swift in Sources */,
				90B38C4C1BDD51D00006D956 /* addQuestionsViewController.swift in Sources */,
				90B38C151BDC0FE70006D956 /* ViewController.swift in Sources */,
				90B38C441BDC11C50006D956 /* CompanyTableViewController.swift in Sources */,
				90B38C131BDC0FE70006D956 /* AppDelegate.swift in Sources */,
			);
			runOnlyForDeploymentPostprocessing = 0;
		};
		90B38C221BDC0FE80006D956 /* Sources */ = {
			isa = PBXSourcesBuildPhase;
			buildActionMask = 2147483647;
			files = (
				90B38C2B1BDC0FE80006D956 /* leetCode_ReviewTests.swift in Sources */,
			);
			runOnlyForDeploymentPostprocessing = 0;
		};
		90B38C2D1BDC0FE80006D956 /* Sources */ = {
			isa = PBXSourcesBuildPhase;
			buildActionMask = 2147483647;
			files = (
				90B38C361BDC0FE80006D956 /* leetCode_ReviewUITests.swift in Sources */,
			);
			runOnlyForDeploymentPostprocessing = 0;
		};
/* End PBXSourcesBuildPhase section */

/* Begin PBXTargetDependency section */
		90B38C281BDC0FE80006D956 /* PBXTargetDependency */ = {
			isa = PBXTargetDependency;
			target = 90B38C0E1BDC0FE70006D956 /* leetCode-Review */;
			targetProxy = 90B38C271BDC0FE80006D956 /* PBXContainerItemProxy */;
		};
		90B38C331BDC0FE80006D956 /* PBXTargetDependency */ = {
			isa = PBXTargetDependency;
			target = 90B38C0E1BDC0FE70006D956 /* leetCode-Review */;
			targetProxy = 90B38C321BDC0FE80006D956 /* PBXContainerItemProxy */;
		};
/* End PBXTargetDependency section */

/* Begin PBXVariantGroup section */
		90B38C161BDC0FE70006D956 /* Main.storyboard */ = {
			isa = PBXVariantGroup;
			children = (
				90B38C171BDC0FE70006D956 /* Base */,
			);
			name = Main.storyboard;
			sourceTree = "<group>";
		};
		90B38C1E1BDC0FE70006D956 /* LaunchScreen.storyboard */ = {
			isa = PBXVariantGroup;
			children = (
				90B38C1F1BDC0FE70006D956 /* Base */,
			);
			name = LaunchScreen.storyboard;
			sourceTree = "<group>";
		};
/* End PBXVariantGroup section */

/* Begin XCBuildConfiguration section */
		90B38C381BDC0FE80006D956 /* Debug */ = {
			isa = XCBuildConfiguration;
			buildSettings = {
				ALWAYS_SEARCH_USER_PATHS = NO;
				CLANG_CXX_LANGUAGE_STANDARD = "gnu++0x";
				CLANG_CXX_LIBRARY = "libc++";
				CLANG_ENABLE_MODULES = YES;
				CLANG_ENABLE_OBJC_ARC = YES;
				CLANG_WARN_BOOL_CONVERSION = YES;
				CLANG_WARN_CONSTANT_CONVERSION = YES;
				CLANG_WARN_DIRECT_OBJC_ISA_USAGE = YES_ERROR;
				CLANG_WARN_EMPTY_BODY = YES;
				CLANG_WARN_ENUM_CONVERSION = YES;
				CLANG_WARN_INT_CONVERSION = YES;
				CLANG_WARN_OBJC_ROOT_CLASS = YES_ERROR;
				CLANG_WARN_UNREACHABLE_CODE = YES;
				CLANG_WARN__DUPLICATE_METHOD_MATCH = YES;
				"CODE_SIGN_IDENTITY[sdk=iphoneos*]" = "iPhone Developer";
				COPY_PHASE_STRIP = NO;
				DEBUG_INFORMATION_FORMAT = dwarf;
				ENABLE_STRICT_OBJC_MSGSEND = YES;
				ENABLE_TESTABILITY = YES;
				GCC_C_LANGUAGE_STANDARD = gnu99;
				GCC_DYNAMIC_NO_PIC = NO;
				GCC_NO_COMMON_BLOCKS = YES;
				GCC_OPTIMIZATION_LEVEL = 0;
				GCC_PREPROCESSOR_DEFINITIONS = (
					"DEBUG=1",
					"$(inherited)",
				);
				GCC_WARN_64_TO_32_BIT_CONVERSION = YES;
				GCC_WARN_ABOUT_RETURN_TYPE = YES_ERROR;
				GCC_WARN_UNDECLARED_SELECTOR = YES;
				GCC_WARN_UNINITIALIZED_AUTOS = YES_AGGRESSIVE;
				GCC_WARN_UNUSED_FUNCTION = YES;
				GCC_WARN_UNUSED_VARIABLE = YES;
				IPHONEOS_DEPLOYMENT_TARGET = 9.0;
				MTL_ENABLE_DEBUG_INFO = YES;
				ONLY_ACTIVE_ARCH = YES;
				SDKROOT = iphoneos;
				SWIFT_OPTIMIZATION_LEVEL = "-Onone";
			};
			name = Debug;
		};
		90B38C391BDC0FE80006D956 /* Release */ = {
			isa = XCBuildConfiguration;
			buildSettings = {
				ALWAYS_SEARCH_USER_PATHS = NO;
				CLANG_CXX_LANGUAGE_STANDARD = "gnu++0x";
				CLANG_CXX_LIBRARY = "libc++";
				CLANG_ENABLE_MODULES = YES;
				CLANG_ENABLE_OBJC_ARC = YES;
				CLANG_WARN_BOOL_CONVERSION = YES;
				CLANG_WARN_CONSTANT_CONVERSION = YES;
				CLANG_WARN_DIRECT_OBJC_ISA_USAGE = YES_ERROR;
				CLANG_WARN_EMPTY_BODY = YES;
				CLANG_WARN_ENUM_CONVERSION = YES;
				CLANG_WARN_INT_CONVERSION = YES;
				CLANG_WARN_OBJC_ROOT_CLASS = YES_ERROR;
				CLANG_WARN_UNREACHABLE_CODE = YES;
				CLANG_WARN__DUPLICATE_METHOD_MATCH = YES;
				"CODE_SIGN_IDENTITY[sdk=iphoneos*]" = "iPhone Developer";
				COPY_PHASE_STRIP = NO;
				DEBUG_INFORMATION_FORMAT = "dwarf-with-dsym";
				ENABLE_NS_ASSERTIONS = NO;
				ENABLE_STRICT_OBJC_MSGSEND = YES;
				GCC_C_LANGUAGE_STANDARD = gnu99;
				GCC_NO_COMMON_BLOCKS = YES;
				GCC_WARN_64_TO_32_BIT_CONVERSION = YES;
				GCC_WARN_ABOUT_RETURN_TYPE = YES_ERROR;
				GCC_WARN_UNDECLARED_SELECTOR = YES;
				GCC_WARN_UNINITIALIZED_AUTOS = YES_AGGRESSIVE;
				GCC_WARN_UNUSED_FUNCTION = YES;
				GCC_WARN_UNUSED_VARIABLE = YES;
				IPHONEOS_DEPLOYMENT_TARGET = 9.0;
				MTL_ENABLE_DEBUG_INFO = NO;
				SDKROOT = iphoneos;
				VALIDATE_PRODUCT = YES;
			};
			name = Release;
		};
		90B38C3B1BDC0FE80006D956 /* Debug */ = {
			isa = XCBuildConfiguration;
			buildSettings = {
				ASSETCATALOG_COMPILER_APPICON_NAME = AppIcon;
				CODE_SIGN_IDENTITY = "iPhone Developer";
				INFOPLIST_FILE = "leetCode-Review/Info.plist";
				LD_RUNPATH_SEARCH_PATHS = "$(inherited) @executable_path/Frameworks";
				PRODUCT_BUNDLE_IDENTIFIER = "Wang-Xinyi.leetCode-Review";
				PRODUCT_NAME = "$(TARGET_NAME)";
			};
			name = Debug;
		};
		90B38C3C1BDC0FE80006D956 /* Release */ = {
			isa = XCBuildConfiguration;
			buildSettings = {
				ASSETCATALOG_COMPILER_APPICON_NAME = AppIcon;
				CODE_SIGN_IDENTITY = "iPhone Developer";
				INFOPLIST_FILE = "leetCode-Review/Info.plist";
				LD_RUNPATH_SEARCH_PATHS = "$(inherited) @executable_path/Frameworks";
				PRODUCT_BUNDLE_IDENTIFIER = "Wang-Xinyi.leetCode-Review";
				PRODUCT_NAME = "$(TARGET_NAME)";
			};
			name = Release;
		};
		90B38C3E1BDC0FE80006D956 /* Debug */ = {
			isa = XCBuildConfiguration;
			buildSettings = {
				BUNDLE_LOADER = "$(TEST_HOST)";
				INFOPLIST_FILE = "leetCode-ReviewTests/Info.plist";
				LD_RUNPATH_SEARCH_PATHS = "$(inherited) @executable_path/Frameworks @loader_path/Frameworks";
				PRODUCT_BUNDLE_IDENTIFIER = "Wang-Xinyi.leetCode-ReviewTests";
				PRODUCT_NAME = "$(TARGET_NAME)";
				TEST_HOST = "$(BUILT_PRODUCTS_DIR)/leetCode-Review.app/leetCode-Review";
			};
			name = Debug;
		};
		90B38C3F1BDC0FE80006D956 /* Release */ = {
			isa = XCBuildConfiguration;
			buildSettings = {
				BUNDLE_LOADER = "$(TEST_HOST)";
				INFOPLIST_FILE = "leetCode-ReviewTests/Info.plist";
				LD_RUNPATH_SEARCH_PATHS = "$(inherited) @executable_path/Frameworks @loader_path/Frameworks";
				PRODUCT_BUNDLE_IDENTIFIER = "Wang-Xinyi.leetCode-ReviewTests";
				PRODUCT_NAME = "$(TARGET_NAME)";
				TEST_HOST = "$(BUILT_PRODUCTS_DIR)/leetCode-Review.app/leetCode-Review";
			};
			name = Release;
		};
		90B38C411BDC0FE80006D956 /* Debug */ = {
			isa = XCBuildConfiguration;
			buildSettings = {
				INFOPLIST_FILE = "leetCode-ReviewUITests/Info.plist";
				LD_RUNPATH_SEARCH_PATHS = "$(inherited) @executable_path/Frameworks @loader_path/Frameworks";
				PRODUCT_BUNDLE_IDENTIFIER = "Wang-Xinyi.leetCode-ReviewUITests";
				PRODUCT_NAME = "$(TARGET_NAME)";
				TEST_TARGET_NAME = "leetCode-Review";
				USES_XCTRUNNER = YES;
			};
			name = Debug;
		};
		90B38C421BDC0FE80006D956 /* Release */ = {
			isa = XCBuildConfiguration;
			buildSettings = {
				INFOPLIST_FILE = "leetCode-ReviewUITests/Info.plist";
				LD_RUNPATH_SEARCH_PATHS = "$(inherited) @executable_path/Frameworks @loader_path/Frameworks";
				PRODUCT_BUNDLE_IDENTIFIER = "Wang-Xinyi.leetCode-ReviewUITests";
				PRODUCT_NAME = "$(TARGET_NAME)";
				TEST_TARGET_NAME = "leetCode-Review";
				USES_XCTRUNNER = YES;
			};
			name = Release;
		};
/* End XCBuildConfiguration section */

/* Begin XCConfigurationList section */
		90B38C0A1BDC0FE70006D956 /* Build configuration list for PBXProject "leetCode-Review" */ = {
			isa = XCConfigurationList;
			buildConfigurations = (
				90B38C381BDC0FE80006D956 /* Debug */,
				90B38C391BDC0FE80006D956 /* Release */,
			);
			defaultConfigurationIsVisible = 0;
			defaultConfigurationName = Release;
		};
		90B38C3A1BDC0FE80006D956 /* Build configuration list for PBXNativeTarget "leetCode-Review" */ = {
			isa = XCConfigurationList;
			buildConfigurations = (
				90B38C3B1BDC0FE80006D956 /* Debug */,
				90B38C3C1BDC0FE80006D956 /* Release */,
			);
			defaultConfigurationIsVisible = 0;
			defaultConfigurationName = Release;
		};
		90B38C3D1BDC0FE80006D956 /* Build configuration list for PBXNativeTarget "leetCode-ReviewTests" */ = {
			isa = XCConfigurationList;
			buildConfigurations = (
				90B38C3E1BDC0FE80006D956 /* Debug */,
				90B38C3F1BDC0FE80006D956 /* Release */,
			);
			defaultConfigurationIsVisible = 0;
			defaultConfigurationName = Release;
		};
		90B38C401BDC0FE80006D956 /* Build configuration list for PBXNativeTarget "leetCode-ReviewUITests" */ = {
			isa = XCConfigurationList;
			buildConfigurations = (
				90B38C411BDC0FE80006D956 /* Debug */,
				90B38C421BDC0FE80006D956 /* Release */,
			);
			defaultConfigurationIsVisible = 0;
			defaultConfigurationName = Release;
		};
/* End XCConfigurationList section */

/* Begin XCVersionGroup section */
		90B38C191BDC0FE70006D956 /* leetCode_Review.xcdatamodeld */ = {
			isa = XCVersionGroup;
			children = (
				90B38C1A1BDC0FE70006D956 /* leetCode_Review.xcdatamodel */,
			);
			currentVersion = 90B38C1A1BDC0FE70006D956 /* leetCode_Review.xcdatamodel */;
			path = leetCode_Review.xcdatamodeld;
			sourceTree = "<group>";
			versionGroupType = wrapper.xcdatamodel;
		};
/* End XCVersionGroup section */
	};
	rootObject = 90B38C071BDC0FE70006D956 /* Project object */;
}
